
Microsoft Visual Studio Solution File, Format Version 12.00
# Visual Studio Version 17
VisualStudioVersion = 17.5.33530.505
MinimumVisualStudioVersion = 10.0.40219.1
Project("{FAE04EC0-301F-11D3-BF4B-00C04F79EFBC}") = "Activity2", "Activity2.csproj", "{453D48B3-1A8F-4EB1-BE51-AEC323C40A0F}"
EndProject
Global
	GlobalSection(SolutionConfigurationPlatforms) = preSolution
		Debug|Any CPU = Debug|Any CPU
		Release|Any CPU = Release|Any CPU
	EndGlobalSection
	GlobalSection(ProjectConfigurationPlatforms) = postSolution
		{453D48B3-1A8F-4EB1-BE51-AEC323C40A0F}.Debug|Any CPU.ActiveCfg = Debug|Any CPU
		{453D48B3-1A8F-4EB1-BE51-AEC323C40A0F}.Debug|Any CPU.Build.0 = Debug|Any CPU
		{453D48B3-1A8F-4EB1-BE51-AEC323C40A0F}.Release|Any CPU.ActiveCfg = Release|Any CPU
		{453D48B3-1A8F-4EB1-BE51-AEC323C40A0F}.Release|Any CPU.Build.0 = Release|Any CPU
	EndGlobalSection
	GlobalSection(SolutionProperties) = preSolution
		HideSolutionNode = FALSE
	EndGlobalSection
	GlobalSection(ExtensibilityGlobals) = postSolution
		SolutionGuid = {7CAAE1AA-DAFB-47F7-85C3-E750F005E4B7}
	EndGlobalSection
EndGlobal
