
Microsoft Visual Studio Solution File, Format Version 12.00
# Visual Studio Version 17
VisualStudioVersion = 17.5.33530.505
MinimumVisualStudioVersion = 10.0.40219.1
Project("{FAE04EC0-301F-11D3-BF4B-00C04F79EFBC}") = "Activity1", "Activity1.csproj", "{A328697E-E870-439E-A32D-959FD8C0245C}"
EndProject
Global
	GlobalSection(SolutionConfigurationPlatforms) = preSolution
		Debug|Any CPU = Debug|Any CPU
		Release|Any CPU = Release|Any CPU
	EndGlobalSection
	GlobalSection(ProjectConfigurationPlatforms) = postSolution
		{A328697E-E870-439E-A32D-959FD8C0245C}.Debug|Any CPU.ActiveCfg = Debug|Any CPU
		{A328697E-E870-439E-A32D-959FD8C0245C}.Debug|Any CPU.Build.0 = Debug|Any CPU
		{A328697E-E870-439E-A32D-959FD8C0245C}.Release|Any CPU.ActiveCfg = Release|Any CPU
		{A328697E-E870-439E-A32D-959FD8C0245C}.Release|Any CPU.Build.0 = Release|Any CPU
	EndGlobalSection
	GlobalSection(SolutionProperties) = preSolution
		HideSolutionNode = FALSE
	EndGlobalSection
	GlobalSection(ExtensibilityGlobals) = postSolution
		SolutionGuid = {08A93FA6-209F-4C4E-AE98-F668757AE3F4}
	EndGlobalSection
EndGlobal
